// !$*UTF8*$!
{
	archiveVersion = 1;
	classes = {
	};
	objectVersion = 70;
	objects = {

/* Begin PBXBuildFile section */
		379843E32CDB3C11001B5A69 /* ItineraryView.swift in Sources */ = {isa = PBXBuildFile; fileRef = 379843E22CDB3C11001B5A69 /* ItineraryView.swift */; };
		379843E92CDB7A62001B5A69 /* EditEventView.swift in Sources */ = {isa = PBXBuildFile; fileRef = 379843E82CDB7A62001B5A69 /* EditEventView.swift */; };
		37B588ED2CDBED2800C44206 /* GoogleService-Info.plist in Resources */ = {isa = PBXBuildFile; fileRef = 37B588EC2CDBED2800C44206 /* GoogleService-Info.plist */; };
		37BC41BF2CD1911B007AA26B /* TravelApp.swift in Sources */ = {isa = PBXBuildFile; fileRef = 37BC41BE2CD1911B007AA26B /* TravelApp.swift */; };
		37BC41C12CD1911B007AA26B /* ContentView.swift in Sources */ = {isa = PBXBuildFile; fileRef = 37BC41C02CD1911B007AA26B /* ContentView.swift */; };
		37BC41C32CD1911C007AA26B /* Assets.xcassets in Resources */ = {isa = PBXBuildFile; fileRef = 37BC41C22CD1911C007AA26B /* Assets.xcassets */; };
		37BC41C62CD1911C007AA26B /* Preview Assets.xcassets in Resources */ = {isa = PBXBuildFile; fileRef = 37BC41C52CD1911C007AA26B /* Preview Assets.xcassets */; };
		37BC41D02CD19183007AA26B /* FirebaseCore in Frameworks */ = {isa = PBXBuildFile; productRef = 37BC41CF2CD19183007AA26B /* FirebaseCore */; };
		37BC41D22CD19183007AA26B /* FirebaseFirestore in Frameworks */ = {isa = PBXBuildFile; productRef = 37BC41D12CD19183007AA26B /* FirebaseFirestore */; };
		37BC41D52CD191A1007AA26B /* Trip.swift in Sources */ = {isa = PBXBuildFile; fileRef = 37BC41D42CD191A1007AA26B /* Trip.swift */; };
		37BC41D92CD192CE007AA26B /* TripRepository.swift in Sources */ = {isa = PBXBuildFile; fileRef = 37BC41D82CD192CE007AA26B /* TripRepository.swift */; };
		37BC41DF2CD194E5007AA26B /* TripCardView.swift in Sources */ = {isa = PBXBuildFile; fileRef = 37BC41DE2CD194E5007AA26B /* TripCardView.swift */; };
		37BC41E12CD19501007AA26B /* MyTripsView.swift in Sources */ = {isa = PBXBuildFile; fileRef = 37BC41E02CD19501007AA26B /* MyTripsView.swift */; };
		37BC41E32CD1A11F007AA26B /* NewTripView.swift in Sources */ = {isa = PBXBuildFile; fileRef = 37BC41E22CD1A11F007AA26B /* NewTripView.swift */; };
		37BC41E52CD1A144007AA26B /* DateSelectionView.swift in Sources */ = {isa = PBXBuildFile; fileRef = 37BC41E42CD1A144007AA26B /* DateSelectionView.swift */; };
		37BC41E72CD1BA5D007AA26B /* TripDetailsView.swift in Sources */ = {isa = PBXBuildFile; fileRef = 37BC41E62CD1BA5D007AA26B /* TripDetailsView.swift */; };
		37E8DC7F2CDC0BCE00238FCD /* DayView.swift in Sources */ = {isa = PBXBuildFile; fileRef = 37E8DC7E2CDC0BCE00238FCD /* DayView.swift */; };
		37E8DC812CDC0DDC00238FCD /* LocationDetailView.swift in Sources */ = {isa = PBXBuildFile; fileRef = 37E8DC802CDC0DDC00238FCD /* LocationDetailView.swift */; };
		37E8DC832CDC0E0000238FCD /* LocationHoursView.swift in Sources */ = {isa = PBXBuildFile; fileRef = 37E8DC822CDC0E0000238FCD /* LocationHoursView.swift */; };
		37E8DC872CDC0EFE00238FCD /* AddEventView.swift in Sources */ = {isa = PBXBuildFile; fileRef = 37E8DC862CDC0EFE00238FCD /* AddEventView.swift */; };
		98BD764E2CDD56E30008274E /* AddCompanionsView.swift in Sources */ = {isa = PBXBuildFile; fileRef = 98BD764D2CDD56E30008274E /* AddCompanionsView.swift */; };
		98BD76CE2CEADE200008274E /* UserRepository.swift in Sources */ = {isa = PBXBuildFile; fileRef = 98BD76CD2CEADE200008274E /* UserRepository.swift */; };
		98BD76D02CEBE6EA0008274E /* FirebaseStorage in Frameworks */ = {isa = PBXBuildFile; productRef = 98BD76CF2CEBE6EA0008274E /* FirebaseStorage */; };
		98BD76D62CEFD2430008274E /* SplashView.swift in Sources */ = {isa = PBXBuildFile; fileRef = 98BD76D52CEFD2430008274E /* SplashView.swift */; };
		98BD76DC2CF3D6E20008274E /* FriendsListView.swift in Sources */ = {isa = PBXBuildFile; fileRef = 98BD76DB2CF3D6E20008274E /* FriendsListView.swift */; };
		98BD76DE2CF3DDB00008274E /* FriendsRowView.swift in Sources */ = {isa = PBXBuildFile; fileRef = 98BD76DD2CF3DDB00008274E /* FriendsRowView.swift */; };
		98BD76E02CF3E0DA0008274E /* FriendProfileView.swift in Sources */ = {isa = PBXBuildFile; fileRef = 98BD76DF2CF3E0DA0008274E /* FriendProfileView.swift */; };
		98BD76E22CF3E11C0008274E /* AddFriendView.swift in Sources */ = {isa = PBXBuildFile; fileRef = 98BD76E12CF3E11C0008274E /* AddFriendView.swift */; };
		98BD76EE2CF579A30008274E /* FriendProfileTripCardView.swift in Sources */ = {isa = PBXBuildFile; fileRef = 98BD76ED2CF579A20008274E /* FriendProfileTripCardView.swift */; };
		98BD76F02CF672EC0008274E /* RequestRowView.swift in Sources */ = {isa = PBXBuildFile; fileRef = 98BD76EF2CF672EC0008274E /* RequestRowView.swift */; };
		98BD76F42CF680FE0008274E /* AddFriendDetailView.swift in Sources */ = {isa = PBXBuildFile; fileRef = 98BD76F32CF680FE0008274E /* AddFriendDetailView.swift */; };
		98DF07012CD5EAA400694B97 /* Day.swift in Sources */ = {isa = PBXBuildFile; fileRef = 98DF07002CD5EAA400694B97 /* Day.swift */; };
		98DF07032CD5EABE00694B97 /* Event.swift in Sources */ = {isa = PBXBuildFile; fileRef = 98DF07022CD5EABE00694B97 /* Event.swift */; };
		98DF07052CD5EB1300694B97 /* SimpleTrip.swift in Sources */ = {isa = PBXBuildFile; fileRef = 98DF07042CD5EB1300694B97 /* SimpleTrip.swift */; };
		98DF07072CD5EB1B00694B97 /* User.swift in Sources */ = {isa = PBXBuildFile; fileRef = 98DF07062CD5EB1B00694B97 /* User.swift */; };
		98DF07092CD5EB2C00694B97 /* SimpleUser.swift in Sources */ = {isa = PBXBuildFile; fileRef = 98DF07082CD5EB2C00694B97 /* SimpleUser.swift */; };
		98DF070B2CD5EB5600694B97 /* Post.swift in Sources */ = {isa = PBXBuildFile; fileRef = 98DF070A2CD5EB5600694B97 /* Post.swift */; };
		98DF070D2CD5EB5E00694B97 /* Location.swift in Sources */ = {isa = PBXBuildFile; fileRef = 98DF070C2CD5EB5E00694B97 /* Location.swift */; };
		98DF070F2CD5EB9B00694B97 /* PostRepository.swift in Sources */ = {isa = PBXBuildFile; fileRef = 98DF070E2CD5EB9B00694B97 /* PostRepository.swift */; };
		98DF07112CD5EBB800694B97 /* LocationRepository.swift in Sources */ = {isa = PBXBuildFile; fileRef = 98DF07102CD5EBB800694B97 /* LocationRepository.swift */; };
		98DF07132CD6C8B200694B97 /* SelfPost.swift in Sources */ = {isa = PBXBuildFile; fileRef = 98DF07122CD6C8B200694B97 /* SelfPost.swift */; };
		98DF07172CD6CAC000694B97 /* MeView.swift in Sources */ = {isa = PBXBuildFile; fileRef = 98DF07162CD6CAC000694B97 /* MeView.swift */; };
		98DF07192CD6DA1700694B97 /* MyPostsView.swift in Sources */ = {isa = PBXBuildFile; fileRef = 98DF07182CD6DA1700694B97 /* MyPostsView.swift */; };
		98DF071B2CD6DA2200694B97 /* BookmarksView.swift in Sources */ = {isa = PBXBuildFile; fileRef = 98DF071A2CD6DA2200694B97 /* BookmarksView.swift */; };
		98DF071D2CD7159F00694B97 /* CompanionsView.swift in Sources */ = {isa = PBXBuildFile; fileRef = 98DF071C2CD7159F00694B97 /* CompanionsView.swift */; };
		98DF071F2CD7165500694B97 /* EditMeView.swift in Sources */ = {isa = PBXBuildFile; fileRef = 98DF071E2CD7165500694B97 /* EditMeView.swift */; };
		98DF07212CD7FAD000694B97 /* CompanionRowView.swift in Sources */ = {isa = PBXBuildFile; fileRef = 98DF07202CD7FAD000694B97 /* CompanionRowView.swift */; };
/* End PBXBuildFile section */

/* Begin PBXFileReference section */
		379843E22CDB3C11001B5A69 /* ItineraryView.swift */ = {isa = PBXFileReference; lastKnownFileType = sourcecode.swift; path = ItineraryView.swift; sourceTree = "<group>"; };
		379843E82CDB7A62001B5A69 /* EditEventView.swift */ = {isa = PBXFileReference; lastKnownFileType = sourcecode.swift; path = EditEventView.swift; sourceTree = "<group>"; };
		37B588EC2CDBED2800C44206 /* GoogleService-Info.plist */ = {isa = PBXFileReference; fileEncoding = 4; lastKnownFileType = text.plist.xml; path = "GoogleService-Info.plist"; sourceTree = "<group>"; };
		37BC41BB2CD1911B007AA26B /* Travel.app */ = {isa = PBXFileReference; explicitFileType = wrapper.application; includeInIndex = 0; path = Travel.app; sourceTree = BUILT_PRODUCTS_DIR; };
		37BC41BE2CD1911B007AA26B /* TravelApp.swift */ = {isa = PBXFileReference; lastKnownFileType = sourcecode.swift; path = TravelApp.swift; sourceTree = "<group>"; };
		37BC41C02CD1911B007AA26B /* ContentView.swift */ = {isa = PBXFileReference; lastKnownFileType = sourcecode.swift; path = ContentView.swift; sourceTree = "<group>"; };
		37BC41C22CD1911C007AA26B /* Assets.xcassets */ = {isa = PBXFileReference; lastKnownFileType = folder.assetcatalog; path = Assets.xcassets; sourceTree = "<group>"; };
		37BC41C52CD1911C007AA26B /* Preview Assets.xcassets */ = {isa = PBXFileReference; lastKnownFileType = folder.assetcatalog; path = "Preview Assets.xcassets"; sourceTree = "<group>"; };
		37BC41D42CD191A1007AA26B /* Trip.swift */ = {isa = PBXFileReference; lastKnownFileType = sourcecode.swift; path = Trip.swift; sourceTree = "<group>"; };
		37BC41D82CD192CE007AA26B /* TripRepository.swift */ = {isa = PBXFileReference; lastKnownFileType = sourcecode.swift; path = TripRepository.swift; sourceTree = "<group>"; };
		37BC41DE2CD194E5007AA26B /* TripCardView.swift */ = {isa = PBXFileReference; lastKnownFileType = sourcecode.swift; path = TripCardView.swift; sourceTree = "<group>"; };
		37BC41E02CD19501007AA26B /* MyTripsView.swift */ = {isa = PBXFileReference; lastKnownFileType = sourcecode.swift; path = MyTripsView.swift; sourceTree = "<group>"; };
		37BC41E22CD1A11F007AA26B /* NewTripView.swift */ = {isa = PBXFileReference; lastKnownFileType = sourcecode.swift; path = NewTripView.swift; sourceTree = "<group>"; };
		37BC41E42CD1A144007AA26B /* DateSelectionView.swift */ = {isa = PBXFileReference; lastKnownFileType = sourcecode.swift; path = DateSelectionView.swift; sourceTree = "<group>"; };
		37BC41E62CD1BA5D007AA26B /* TripDetailsView.swift */ = {isa = PBXFileReference; lastKnownFileType = sourcecode.swift; path = TripDetailsView.swift; sourceTree = "<group>"; };
		37E8DC7E2CDC0BCE00238FCD /* DayView.swift */ = {isa = PBXFileReference; lastKnownFileType = sourcecode.swift; path = DayView.swift; sourceTree = "<group>"; };
		37E8DC802CDC0DDC00238FCD /* LocationDetailView.swift */ = {isa = PBXFileReference; lastKnownFileType = sourcecode.swift; path = LocationDetailView.swift; sourceTree = "<group>"; };
		37E8DC822CDC0E0000238FCD /* LocationHoursView.swift */ = {isa = PBXFileReference; lastKnownFileType = sourcecode.swift; path = LocationHoursView.swift; sourceTree = "<group>"; };
		37E8DC862CDC0EFE00238FCD /* AddEventView.swift */ = {isa = PBXFileReference; lastKnownFileType = sourcecode.swift; path = AddEventView.swift; sourceTree = "<group>"; };
		98BD764D2CDD56E30008274E /* AddCompanionsView.swift */ = {isa = PBXFileReference; lastKnownFileType = sourcecode.swift; path = AddCompanionsView.swift; sourceTree = "<group>"; };
		98BD76CD2CEADE200008274E /* UserRepository.swift */ = {isa = PBXFileReference; lastKnownFileType = sourcecode.swift; path = UserRepository.swift; sourceTree = "<group>"; };
		98BD76D52CEFD2430008274E /* SplashView.swift */ = {isa = PBXFileReference; lastKnownFileType = sourcecode.swift; path = SplashView.swift; sourceTree = "<group>"; };
		98BD76DA2CEFD5D40008274E /* Info.plist */ = {isa = PBXFileReference; lastKnownFileType = text.plist; path = Info.plist; sourceTree = "<group>"; };
		98BD76DB2CF3D6E20008274E /* FriendsListView.swift */ = {isa = PBXFileReference; lastKnownFileType = sourcecode.swift; path = FriendsListView.swift; sourceTree = "<group>"; };
		98BD76DD2CF3DDB00008274E /* FriendsRowView.swift */ = {isa = PBXFileReference; lastKnownFileType = sourcecode.swift; path = FriendsRowView.swift; sourceTree = "<group>"; };
		98BD76DF2CF3E0DA0008274E /* FriendProfileView.swift */ = {isa = PBXFileReference; lastKnownFileType = sourcecode.swift; path = FriendProfileView.swift; sourceTree = "<group>"; };
		98BD76E12CF3E11C0008274E /* AddFriendView.swift */ = {isa = PBXFileReference; lastKnownFileType = sourcecode.swift; path = AddFriendView.swift; sourceTree = "<group>"; };
		98BD76ED2CF579A20008274E /* FriendProfileTripCardView.swift */ = {isa = PBXFileReference; lastKnownFileType = sourcecode.swift; path = FriendProfileTripCardView.swift; sourceTree = "<group>"; };
		98BD76EF2CF672EC0008274E /* RequestRowView.swift */ = {isa = PBXFileReference; lastKnownFileType = sourcecode.swift; path = RequestRowView.swift; sourceTree = "<group>"; };
		98BD76F32CF680FE0008274E /* AddFriendDetailView.swift */ = {isa = PBXFileReference; lastKnownFileType = sourcecode.swift; path = AddFriendDetailView.swift; sourceTree = "<group>"; };
		98DF07002CD5EAA400694B97 /* Day.swift */ = {isa = PBXFileReference; lastKnownFileType = sourcecode.swift; path = Day.swift; sourceTree = "<group>"; };
		98DF07022CD5EABE00694B97 /* Event.swift */ = {isa = PBXFileReference; lastKnownFileType = sourcecode.swift; path = Event.swift; sourceTree = "<group>"; };
		98DF07042CD5EB1300694B97 /* SimpleTrip.swift */ = {isa = PBXFileReference; lastKnownFileType = sourcecode.swift; path = SimpleTrip.swift; sourceTree = "<group>"; };
		98DF07062CD5EB1B00694B97 /* User.swift */ = {isa = PBXFileReference; lastKnownFileType = sourcecode.swift; path = User.swift; sourceTree = "<group>"; };
		98DF07082CD5EB2C00694B97 /* SimpleUser.swift */ = {isa = PBXFileReference; lastKnownFileType = sourcecode.swift; path = SimpleUser.swift; sourceTree = "<group>"; };
		98DF070A2CD5EB5600694B97 /* Post.swift */ = {isa = PBXFileReference; lastKnownFileType = sourcecode.swift; path = Post.swift; sourceTree = "<group>"; };
		98DF070C2CD5EB5E00694B97 /* Location.swift */ = {isa = PBXFileReference; lastKnownFileType = sourcecode.swift; path = Location.swift; sourceTree = "<group>"; };
		98DF070E2CD5EB9B00694B97 /* PostRepository.swift */ = {isa = PBXFileReference; lastKnownFileType = sourcecode.swift; path = PostRepository.swift; sourceTree = "<group>"; };
		98DF07102CD5EBB800694B97 /* LocationRepository.swift */ = {isa = PBXFileReference; lastKnownFileType = sourcecode.swift; path = LocationRepository.swift; sourceTree = "<group>"; };
		98DF07122CD6C8B200694B97 /* SelfPost.swift */ = {isa = PBXFileReference; lastKnownFileType = sourcecode.swift; path = SelfPost.swift; sourceTree = "<group>"; };
		98DF07162CD6CAC000694B97 /* MeView.swift */ = {isa = PBXFileReference; lastKnownFileType = sourcecode.swift; path = MeView.swift; sourceTree = "<group>"; };
		98DF07182CD6DA1700694B97 /* MyPostsView.swift */ = {isa = PBXFileReference; lastKnownFileType = sourcecode.swift; path = MyPostsView.swift; sourceTree = "<group>"; };
		98DF071A2CD6DA2200694B97 /* BookmarksView.swift */ = {isa = PBXFileReference; lastKnownFileType = sourcecode.swift; path = BookmarksView.swift; sourceTree = "<group>"; };
		98DF071C2CD7159F00694B97 /* CompanionsView.swift */ = {isa = PBXFileReference; lastKnownFileType = sourcecode.swift; path = CompanionsView.swift; sourceTree = "<group>"; };
		98DF071E2CD7165500694B97 /* EditMeView.swift */ = {isa = PBXFileReference; lastKnownFileType = sourcecode.swift; path = EditMeView.swift; sourceTree = "<group>"; };
		98DF07202CD7FAD000694B97 /* CompanionRowView.swift */ = {isa = PBXFileReference; lastKnownFileType = sourcecode.swift; path = CompanionRowView.swift; sourceTree = "<group>"; };
/* End PBXFileReference section */

/* Begin PBXFileSystemSynchronizedRootGroup section */
		986E600D2CDD3C6C005B4F6E /* ViewModels */ = {isa = PBXFileSystemSynchronizedRootGroup; explicitFileTypes = {}; explicitFolders = (); path = ViewModels; sourceTree = "<group>"; };
		98BD76D72CEFD5940008274E /* Font */ = {isa = PBXFileSystemSynchronizedRootGroup; explicitFileTypes = {}; explicitFolders = (); path = Font; sourceTree = "<group>"; };
/* End PBXFileSystemSynchronizedRootGroup section */

/* Begin PBXFrameworksBuildPhase section */
		37BC41B82CD1911B007AA26B /* Frameworks */ = {
			isa = PBXFrameworksBuildPhase;
			buildActionMask = 2147483647;
			files = (
				37BC41D02CD19183007AA26B /* FirebaseCore in Frameworks */,
				37BC41D22CD19183007AA26B /* FirebaseFirestore in Frameworks */,
				98BD76D02CEBE6EA0008274E /* FirebaseStorage in Frameworks */,
			);
			runOnlyForDeploymentPostprocessing = 0;
		};
/* End PBXFrameworksBuildPhase section */

/* Begin PBXGroup section */
		37BC41B22CD1911B007AA26B = {
			isa = PBXGroup;
			children = (
				37BC41BD2CD1911B007AA26B /* Travel */,
				37BC41BC2CD1911B007AA26B /* Products */,
			);
			sourceTree = "<group>";
		};
		37BC41BC2CD1911B007AA26B /* Products */ = {
			isa = PBXGroup;
			children = (
				37BC41BB2CD1911B007AA26B /* Travel.app */,
			);
			name = Products;
			sourceTree = "<group>";
		};
		37BC41BD2CD1911B007AA26B /* Travel */ = {
			isa = PBXGroup;
			children = (
				98BD76DA2CEFD5D40008274E /* Info.plist */,
				98BD76D72CEFD5940008274E /* Font */,
				986E600D2CDD3C6C005B4F6E /* ViewModels */,
				37B588EC2CDBED2800C44206 /* GoogleService-Info.plist */,
				37BC41DA2CD19455007AA26B /* Views */,
				37BC41D72CD192BB007AA26B /* DataRepository */,
				37BC41D32CD19199007AA26B /* Models */,
				37BC41BE2CD1911B007AA26B /* TravelApp.swift */,
				37BC41C22CD1911C007AA26B /* Assets.xcassets */,
				37BC41C42CD1911C007AA26B /* Preview Content */,
			);
			path = Travel;
			sourceTree = "<group>";
		};
		37BC41C42CD1911C007AA26B /* Preview Content */ = {
			isa = PBXGroup;
			children = (
				37BC41C52CD1911C007AA26B /* Preview Assets.xcassets */,
			);
			path = "Preview Content";
			sourceTree = "<group>";
		};
		37BC41D32CD19199007AA26B /* Models */ = {
			isa = PBXGroup;
			children = (
				37BC41D42CD191A1007AA26B /* Trip.swift */,
				98DF07002CD5EAA400694B97 /* Day.swift */,
				98DF07022CD5EABE00694B97 /* Event.swift */,
				98DF07042CD5EB1300694B97 /* SimpleTrip.swift */,
				98DF07062CD5EB1B00694B97 /* User.swift */,
				98DF070A2CD5EB5600694B97 /* Post.swift */,
				98DF07122CD6C8B200694B97 /* SelfPost.swift */,
				98DF070C2CD5EB5E00694B97 /* Location.swift */,
				98DF07082CD5EB2C00694B97 /* SimpleUser.swift */,
			);
			path = Models;
			sourceTree = "<group>";
		};
		37BC41D72CD192BB007AA26B /* DataRepository */ = {
			isa = PBXGroup;
			children = (
				37BC41D82CD192CE007AA26B /* TripRepository.swift */,
				98DF070E2CD5EB9B00694B97 /* PostRepository.swift */,
				98DF07102CD5EBB800694B97 /* LocationRepository.swift */,
				98BD76CD2CEADE200008274E /* UserRepository.swift */,
			);
			path = DataRepository;
			sourceTree = "<group>";
		};
		37BC41DA2CD19455007AA26B /* Views */ = {
			isa = PBXGroup;
			children = (
				37BC41C02CD1911B007AA26B /* ContentView.swift */,
				98BD76DB2CF3D6E20008274E /* FriendsListView.swift */,
				98BD76E12CF3E11C0008274E /* AddFriendView.swift */,
				98BD76F32CF680FE0008274E /* AddFriendDetailView.swift */,
				98BD76EF2CF672EC0008274E /* RequestRowView.swift */,
				98BD76DF2CF3E0DA0008274E /* FriendProfileView.swift */,
				98BD76ED2CF579A20008274E /* FriendProfileTripCardView.swift */,
				98BD76DD2CF3DDB00008274E /* FriendsRowView.swift */,
				37BC41DE2CD194E5007AA26B /* TripCardView.swift */,
				37BC41E02CD19501007AA26B /* MyTripsView.swift */,
				37BC41E22CD1A11F007AA26B /* NewTripView.swift */,
				98BD76D52CEFD2430008274E /* SplashView.swift */,
				98DF07162CD6CAC000694B97 /* MeView.swift */,
				98DF071E2CD7165500694B97 /* EditMeView.swift */,
				98DF07182CD6DA1700694B97 /* MyPostsView.swift */,
				98DF071A2CD6DA2200694B97 /* BookmarksView.swift */,
				37BC41E42CD1A144007AA26B /* DateSelectionView.swift */,
				37BC41E62CD1BA5D007AA26B /* TripDetailsView.swift */,
				98DF071C2CD7159F00694B97 /* CompanionsView.swift */,
				98BD764D2CDD56E30008274E /* AddCompanionsView.swift */,
				98DF07202CD7FAD000694B97 /* CompanionRowView.swift */,
				379843E22CDB3C11001B5A69 /* ItineraryView.swift */,
				379843E82CDB7A62001B5A69 /* EditEventView.swift */,
				37E8DC7E2CDC0BCE00238FCD /* DayView.swift */,
				37E8DC802CDC0DDC00238FCD /* LocationDetailView.swift */,
				37E8DC822CDC0E0000238FCD /* LocationHoursView.swift */,
				37E8DC862CDC0EFE00238FCD /* AddEventView.swift */,
			);
			path = Views;
			sourceTree = "<group>";
		};
/* End PBXGroup section */

/* Begin PBXNativeTarget section */
		37BC41BA2CD1911B007AA26B /* Travel */ = {
			isa = PBXNativeTarget;
			buildConfigurationList = 37BC41C92CD1911C007AA26B /* Build configuration list for PBXNativeTarget "Travel" */;
			buildPhases = (
				37BC41B72CD1911B007AA26B /* Sources */,
				37BC41B82CD1911B007AA26B /* Frameworks */,
				37BC41B92CD1911B007AA26B /* Resources */,
			);
			buildRules = (
			);
			dependencies = (
			);
			fileSystemSynchronizedGroups = (
				986E600D2CDD3C6C005B4F6E /* ViewModels */,
				98BD76D72CEFD5940008274E /* Font */,
			);
			name = Travel;
			packageProductDependencies = (
				37BC41CF2CD19183007AA26B /* FirebaseCore */,
				37BC41D12CD19183007AA26B /* FirebaseFirestore */,
				98BD76CF2CEBE6EA0008274E /* FirebaseStorage */,
			);
			productName = Travel;
			productReference = 37BC41BB2CD1911B007AA26B /* Travel.app */;
			productType = "com.apple.product-type.application";
		};
/* End PBXNativeTarget section */

/* Begin PBXProject section */
		37BC41B32CD1911B007AA26B /* Project object */ = {
			isa = PBXProject;
			attributes = {
				BuildIndependentTargetsInParallel = 1;
				LastSwiftUpdateCheck = 1540;
				LastUpgradeCheck = 1540;
				TargetAttributes = {
					37BC41BA2CD1911B007AA26B = {
						CreatedOnToolsVersion = 15.4;
					};
				};
			};
			buildConfigurationList = 37BC41B62CD1911B007AA26B /* Build configuration list for PBXProject "Travel" */;
			compatibilityVersion = "Xcode 14.0";
			developmentRegion = en;
			hasScannedForEncodings = 0;
			knownRegions = (
				en,
				Base,
			);
			mainGroup = 37BC41B22CD1911B007AA26B;
			packageReferences = (
				37BC41CE2CD19183007AA26B /* XCRemoteSwiftPackageReference "firebase-ios-sdk" */,
			);
			productRefGroup = 37BC41BC2CD1911B007AA26B /* Products */;
			projectDirPath = "";
			projectRoot = "";
			targets = (
				37BC41BA2CD1911B007AA26B /* Travel */,
			);
		};
/* End PBXProject section */

/* Begin PBXResourcesBuildPhase section */
		37BC41B92CD1911B007AA26B /* Resources */ = {
			isa = PBXResourcesBuildPhase;
			buildActionMask = 2147483647;
			files = (
				37BC41C62CD1911C007AA26B /* Preview Assets.xcassets in Resources */,
				37BC41C32CD1911C007AA26B /* Assets.xcassets in Resources */,
				37B588ED2CDBED2800C44206 /* GoogleService-Info.plist in Resources */,
			);
			runOnlyForDeploymentPostprocessing = 0;
		};
/* End PBXResourcesBuildPhase section */

/* Begin PBXSourcesBuildPhase section */
		37BC41B72CD1911B007AA26B /* Sources */ = {
			isa = PBXSourcesBuildPhase;
			buildActionMask = 2147483647;
			files = (
				98DF07072CD5EB1B00694B97 /* User.swift in Sources */,
				98DF07052CD5EB1300694B97 /* SimpleTrip.swift in Sources */,
				37E8DC832CDC0E0000238FCD /* LocationHoursView.swift in Sources */,
				98DF070D2CD5EB5E00694B97 /* Location.swift in Sources */,
				37BC41E12CD19501007AA26B /* MyTripsView.swift in Sources */,
				98DF07172CD6CAC000694B97 /* MeView.swift in Sources */,
				98BD76DE2CF3DDB00008274E /* FriendsRowView.swift in Sources */,
				98BD76CE2CEADE200008274E /* UserRepository.swift in Sources */,
				379843E32CDB3C11001B5A69 /* ItineraryView.swift in Sources */,
				98DF07032CD5EABE00694B97 /* Event.swift in Sources */,
				37BC41E52CD1A144007AA26B /* DateSelectionView.swift in Sources */,
				37E8DC812CDC0DDC00238FCD /* LocationDetailView.swift in Sources */,
				37BC41E32CD1A11F007AA26B /* NewTripView.swift in Sources */,
				98BD76F42CF680FE0008274E /* AddFriendDetailView.swift in Sources */,
				98DF07192CD6DA1700694B97 /* MyPostsView.swift in Sources */,
				98BD76DC2CF3D6E20008274E /* FriendsListView.swift in Sources */,
				37BC41D52CD191A1007AA26B /* Trip.swift in Sources */,
				37BC41C12CD1911B007AA26B /* ContentView.swift in Sources */,
				98DF07132CD6C8B200694B97 /* SelfPost.swift in Sources */,
				379843E92CDB7A62001B5A69 /* EditEventView.swift in Sources */,
				98DF071B2CD6DA2200694B97 /* BookmarksView.swift in Sources */,
				98DF07092CD5EB2C00694B97 /* SimpleUser.swift in Sources */,
				98DF071F2CD7165500694B97 /* EditMeView.swift in Sources */,
				98DF07212CD7FAD000694B97 /* CompanionRowView.swift in Sources */,
				98BD76E22CF3E11C0008274E /* AddFriendView.swift in Sources */,
				98DF070B2CD5EB5600694B97 /* Post.swift in Sources */,
				37E8DC7F2CDC0BCE00238FCD /* DayView.swift in Sources */,
				37BC41E72CD1BA5D007AA26B /* TripDetailsView.swift in Sources */,
				98DF07112CD5EBB800694B97 /* LocationRepository.swift in Sources */,
				37BC41D92CD192CE007AA26B /* TripRepository.swift in Sources */,
				98BD76D62CEFD2430008274E /* SplashView.swift in Sources */,
				98BD76EE2CF579A30008274E /* FriendProfileTripCardView.swift in Sources */,
				98BD76E02CF3E0DA0008274E /* FriendProfileView.swift in Sources */,
				37BC41BF2CD1911B007AA26B /* TravelApp.swift in Sources */,
				37E8DC872CDC0EFE00238FCD /* AddEventView.swift in Sources */,
				98DF07012CD5EAA400694B97 /* Day.swift in Sources */,
				37BC41DF2CD194E5007AA26B /* TripCardView.swift in Sources */,
				98DF071D2CD7159F00694B97 /* CompanionsView.swift in Sources */,
				98BD764E2CDD56E30008274E /* AddCompanionsView.swift in Sources */,
				98BD76F02CF672EC0008274E /* RequestRowView.swift in Sources */,
				98DF070F2CD5EB9B00694B97 /* PostRepository.swift in Sources */,
			);
			runOnlyForDeploymentPostprocessing = 0;
		};
/* End PBXSourcesBuildPhase section */

/* Begin XCBuildConfiguration section */
		37BC41C72CD1911C007AA26B /* Debug */ = {
			isa = XCBuildConfiguration;
			buildSettings = {
				ALWAYS_SEARCH_USER_PATHS = NO;
				ASSETCATALOG_COMPILER_GENERATE_SWIFT_ASSET_SYMBOL_EXTENSIONS = YES;
				CLANG_ANALYZER_NONNULL = YES;
				CLANG_ANALYZER_NUMBER_OBJECT_CONVERSION = YES_AGGRESSIVE;
				CLANG_CXX_LANGUAGE_STANDARD = "gnu++20";
				CLANG_ENABLE_MODULES = YES;
				CLANG_ENABLE_OBJC_ARC = YES;
				CLANG_ENABLE_OBJC_WEAK = YES;
				CLANG_WARN_BLOCK_CAPTURE_AUTORELEASING = YES;
				CLANG_WARN_BOOL_CONVERSION = YES;
				CLANG_WARN_COMMA = YES;
				CLANG_WARN_CONSTANT_CONVERSION = YES;
				CLANG_WARN_DEPRECATED_OBJC_IMPLEMENTATIONS = YES;
				CLANG_WARN_DIRECT_OBJC_ISA_USAGE = YES_ERROR;
				CLANG_WARN_DOCUMENTATION_COMMENTS = YES;
				CLANG_WARN_EMPTY_BODY = YES;
				CLANG_WARN_ENUM_CONVERSION = YES;
				CLANG_WARN_INFINITE_RECURSION = YES;
				CLANG_WARN_INT_CONVERSION = YES;
				CLANG_WARN_NON_LITERAL_NULL_CONVERSION = YES;
				CLANG_WARN_OBJC_IMPLICIT_RETAIN_SELF = YES;
				CLANG_WARN_OBJC_LITERAL_CONVERSION = YES;
				CLANG_WARN_OBJC_ROOT_CLASS = YES_ERROR;
				CLANG_WARN_QUOTED_INCLUDE_IN_FRAMEWORK_HEADER = YES;
				CLANG_WARN_RANGE_LOOP_ANALYSIS = YES;
				CLANG_WARN_STRICT_PROTOTYPES = YES;
				CLANG_WARN_SUSPICIOUS_MOVE = YES;
				CLANG_WARN_UNGUARDED_AVAILABILITY = YES_AGGRESSIVE;
				CLANG_WARN_UNREACHABLE_CODE = YES;
				CLANG_WARN__DUPLICATE_METHOD_MATCH = YES;
				COPY_PHASE_STRIP = NO;
				DEBUG_INFORMATION_FORMAT = dwarf;
				ENABLE_STRICT_OBJC_MSGSEND = YES;
				ENABLE_TESTABILITY = YES;
				ENABLE_USER_SCRIPT_SANDBOXING = YES;
				GCC_C_LANGUAGE_STANDARD = gnu17;
				GCC_DYNAMIC_NO_PIC = NO;
				GCC_NO_COMMON_BLOCKS = YES;
				GCC_OPTIMIZATION_LEVEL = 0;
				GCC_PREPROCESSOR_DEFINITIONS = (
					"DEBUG=1",
					"$(inherited)",
				);
				GCC_WARN_64_TO_32_BIT_CONVERSION = YES;
				GCC_WARN_ABOUT_RETURN_TYPE = YES_ERROR;
				GCC_WARN_UNDECLARED_SELECTOR = YES;
				GCC_WARN_UNINITIALIZED_AUTOS = YES_AGGRESSIVE;
				GCC_WARN_UNUSED_FUNCTION = YES;
				GCC_WARN_UNUSED_VARIABLE = YES;
				IPHONEOS_DEPLOYMENT_TARGET = 17.5;
				LOCALIZATION_PREFERS_STRING_CATALOGS = YES;
				MTL_ENABLE_DEBUG_INFO = INCLUDE_SOURCE;
				MTL_FAST_MATH = YES;
				ONLY_ACTIVE_ARCH = YES;
				SDKROOT = iphoneos;
				SWIFT_ACTIVE_COMPILATION_CONDITIONS = "DEBUG $(inherited)";
				SWIFT_OPTIMIZATION_LEVEL = "-Onone";
			};
			name = Debug;
		};
		37BC41C82CD1911C007AA26B /* Release */ = {
			isa = XCBuildConfiguration;
			buildSettings = {
				ALWAYS_SEARCH_USER_PATHS = NO;
				ASSETCATALOG_COMPILER_GENERATE_SWIFT_ASSET_SYMBOL_EXTENSIONS = YES;
				CLANG_ANALYZER_NONNULL = YES;
				CLANG_ANALYZER_NUMBER_OBJECT_CONVERSION = YES_AGGRESSIVE;
				CLANG_CXX_LANGUAGE_STANDARD = "gnu++20";
				CLANG_ENABLE_MODULES = YES;
				CLANG_ENABLE_OBJC_ARC = YES;
				CLANG_ENABLE_OBJC_WEAK = YES;
				CLANG_WARN_BLOCK_CAPTURE_AUTORELEASING = YES;
				CLANG_WARN_BOOL_CONVERSION = YES;
				CLANG_WARN_COMMA = YES;
				CLANG_WARN_CONSTANT_CONVERSION = YES;
				CLANG_WARN_DEPRECATED_OBJC_IMPLEMENTATIONS = YES;
				CLANG_WARN_DIRECT_OBJC_ISA_USAGE = YES_ERROR;
				CLANG_WARN_DOCUMENTATION_COMMENTS = YES;
				CLANG_WARN_EMPTY_BODY = YES;
				CLANG_WARN_ENUM_CONVERSION = YES;
				CLANG_WARN_INFINITE_RECURSION = YES;
				CLANG_WARN_INT_CONVERSION = YES;
				CLANG_WARN_NON_LITERAL_NULL_CONVERSION = YES;
				CLANG_WARN_OBJC_IMPLICIT_RETAIN_SELF = YES;
				CLANG_WARN_OBJC_LITERAL_CONVERSION = YES;
				CLANG_WARN_OBJC_ROOT_CLASS = YES_ERROR;
				CLANG_WARN_QUOTED_INCLUDE_IN_FRAMEWORK_HEADER = YES;
				CLANG_WARN_RANGE_LOOP_ANALYSIS = YES;
				CLANG_WARN_STRICT_PROTOTYPES = YES;
				CLANG_WARN_SUSPICIOUS_MOVE = YES;
				CLANG_WARN_UNGUARDED_AVAILABILITY = YES_AGGRESSIVE;
				CLANG_WARN_UNREACHABLE_CODE = YES;
				CLANG_WARN__DUPLICATE_METHOD_MATCH = YES;
				COPY_PHASE_STRIP = NO;
				DEBUG_INFORMATION_FORMAT = "dwarf-with-dsym";
				ENABLE_NS_ASSERTIONS = NO;
				ENABLE_STRICT_OBJC_MSGSEND = YES;
				ENABLE_USER_SCRIPT_SANDBOXING = YES;
				GCC_C_LANGUAGE_STANDARD = gnu17;
				GCC_NO_COMMON_BLOCKS = YES;
				GCC_WARN_64_TO_32_BIT_CONVERSION = YES;
				GCC_WARN_ABOUT_RETURN_TYPE = YES_ERROR;
				GCC_WARN_UNDECLARED_SELECTOR = YES;
				GCC_WARN_UNINITIALIZED_AUTOS = YES_AGGRESSIVE;
				GCC_WARN_UNUSED_FUNCTION = YES;
				GCC_WARN_UNUSED_VARIABLE = YES;
				IPHONEOS_DEPLOYMENT_TARGET = 17.5;
				LOCALIZATION_PREFERS_STRING_CATALOGS = YES;
				MTL_ENABLE_DEBUG_INFO = NO;
				MTL_FAST_MATH = YES;
				SDKROOT = iphoneos;
				SWIFT_COMPILATION_MODE = wholemodule;
				VALIDATE_PRODUCT = YES;
			};
			name = Release;
		};
		37BC41CA2CD1911C007AA26B /* Debug */ = {
			isa = XCBuildConfiguration;
			buildSettings = {
				ASSETCATALOG_COMPILER_APPICON_NAME = AppIcon;
				ASSETCATALOG_COMPILER_GLOBAL_ACCENT_COLOR_NAME = AccentColor;
				CODE_SIGN_STYLE = Automatic;
				CURRENT_PROJECT_VERSION = 1;
				DEVELOPMENT_ASSET_PATHS = "\"Travel/Preview Content\"";
				DEVELOPMENT_TEAM = 2895YJW5H6;
				ENABLE_PREVIEWS = YES;
				GENERATE_INFOPLIST_FILE = YES;
				INFOPLIST_FILE = Travel/Info.plist;
				INFOPLIST_KEY_UIApplicationSceneManifest_Generation = YES;
				INFOPLIST_KEY_UIApplicationSupportsIndirectInputEvents = YES;
				INFOPLIST_KEY_UILaunchScreen_Generation = YES;
				INFOPLIST_KEY_UISupportedInterfaceOrientations_iPad = "UIInterfaceOrientationPortrait UIInterfaceOrientationPortraitUpsideDown UIInterfaceOrientationLandscapeLeft UIInterfaceOrientationLandscapeRight";
				INFOPLIST_KEY_UISupportedInterfaceOrientations_iPhone = "UIInterfaceOrientationPortrait UIInterfaceOrientationLandscapeLeft UIInterfaceOrientationLandscapeRight";
				LD_RUNPATH_SEARCH_PATHS = (
					"$(inherited)",
					"@executable_path/Frameworks",
				);
				MARKETING_VERSION = 1.0;
				PRODUCT_BUNDLE_IDENTIFIER = Cindy.Travel;
				PRODUCT_NAME = "$(TARGET_NAME)";
				SWIFT_EMIT_LOC_STRINGS = YES;
				SWIFT_VERSION = 5.0;
				TARGETED_DEVICE_FAMILY = "1,2";
			};
			name = Debug;
		};
		37BC41CB2CD1911C007AA26B /* Release */ = {
			isa = XCBuildConfiguration;
			buildSettings = {
				ASSETCATALOG_COMPILER_APPICON_NAME = AppIcon;
				ASSETCATALOG_COMPILER_GLOBAL_ACCENT_COLOR_NAME = AccentColor;
				CODE_SIGN_STYLE = Automatic;
				CURRENT_PROJECT_VERSION = 1;
				DEVELOPMENT_ASSET_PATHS = "\"Travel/Preview Content\"";
				DEVELOPMENT_TEAM = 2895YJW5H6;
				ENABLE_PREVIEWS = YES;
				GENERATE_INFOPLIST_FILE = YES;
				INFOPLIST_FILE = Travel/Info.plist;
				INFOPLIST_KEY_UIApplicationSceneManifest_Generation = YES;
				INFOPLIST_KEY_UIApplicationSupportsIndirectInputEvents = YES;
				INFOPLIST_KEY_UILaunchScreen_Generation = YES;
				INFOPLIST_KEY_UISupportedInterfaceOrientations_iPad = "UIInterfaceOrientationPortrait UIInterfaceOrientationPortraitUpsideDown UIInterfaceOrientationLandscapeLeft UIInterfaceOrientationLandscapeRight";
				INFOPLIST_KEY_UISupportedInterfaceOrientations_iPhone = "UIInterfaceOrientationPortrait UIInterfaceOrientationLandscapeLeft UIInterfaceOrientationLandscapeRight";
				LD_RUNPATH_SEARCH_PATHS = (
					"$(inherited)",
					"@executable_path/Frameworks",
				);
				MARKETING_VERSION = 1.0;
				PRODUCT_BUNDLE_IDENTIFIER = Cindy.Travel;
				PRODUCT_NAME = "$(TARGET_NAME)";
				SWIFT_EMIT_LOC_STRINGS = YES;
				SWIFT_VERSION = 5.0;
				TARGETED_DEVICE_FAMILY = "1,2";
			};
			name = Release;
		};
/* End XCBuildConfiguration section */

/* Begin XCConfigurationList section */
		37BC41B62CD1911B007AA26B /* Build configuration list for PBXProject "Travel" */ = {
			isa = XCConfigurationList;
			buildConfigurations = (
				37BC41C72CD1911C007AA26B /* Debug */,
				37BC41C82CD1911C007AA26B /* Release */,
			);
			defaultConfigurationIsVisible = 0;
			defaultConfigurationName = Release;
		};
		37BC41C92CD1911C007AA26B /* Build configuration list for PBXNativeTarget "Travel" */ = {
			isa = XCConfigurationList;
			buildConfigurations = (
				37BC41CA2CD1911C007AA26B /* Debug */,
				37BC41CB2CD1911C007AA26B /* Release */,
			);
			defaultConfigurationIsVisible = 0;
			defaultConfigurationName = Release;
		};
/* End XCConfigurationList section */

/* Begin XCRemoteSwiftPackageReference section */
		37BC41CE2CD19183007AA26B /* XCRemoteSwiftPackageReference "firebase-ios-sdk" */ = {
			isa = XCRemoteSwiftPackageReference;
			repositoryURL = "https://github.com/firebase/firebase-ios-sdk";
			requirement = {
				kind = upToNextMajorVersion;
				minimumVersion = 11.4.0;
			};
		};
/* End XCRemoteSwiftPackageReference section */

/* Begin XCSwiftPackageProductDependency section */
		37BC41CF2CD19183007AA26B /* FirebaseCore */ = {
			isa = XCSwiftPackageProductDependency;
			package = 37BC41CE2CD19183007AA26B /* XCRemoteSwiftPackageReference "firebase-ios-sdk" */;
			productName = FirebaseCore;
		};
		37BC41D12CD19183007AA26B /* FirebaseFirestore */ = {
			isa = XCSwiftPackageProductDependency;
			package = 37BC41CE2CD19183007AA26B /* XCRemoteSwiftPackageReference "firebase-ios-sdk" */;
			productName = FirebaseFirestore;
		};
		98BD76CF2CEBE6EA0008274E /* FirebaseStorage */ = {
			isa = XCSwiftPackageProductDependency;
			productName = FirebaseStorage;
		};
/* End XCSwiftPackageProductDependency section */
	};
	rootObject = 37BC41B32CD1911B007AA26B /* Project object */;
}
